
Microsoft Visual Studio Solution File, Format Version 12.00
# Visual Studio Version 17
VisualStudioVersion = 17.4.33103.184
MinimumVisualStudioVersion = 10.0.40219.1
Project("{FAE04EC0-301F-11D3-BF4B-00C04F79EFBC}") = "t2.2", "t2.2\t2.2.csproj", "{D4C664BF-35AA-4CFC-BCAD-A794556B6B02}"
EndProject
Project("{FAE04EC0-301F-11D3-BF4B-00C04F79EFBC}") = "t2.2Tests", "t2.2Tests\t2.2Tests.csproj", "{97E9DF5A-A1A6-4DBE-861D-6DDF7E3B6DBC}"
EndProject
Global
	GlobalSection(SolutionConfigurationPlatforms) = preSolution
		Debug|Any CPU = Debug|Any CPU
		Release|Any CPU = Release|Any CPU
	EndGlobalSection
	GlobalSection(ProjectConfigurationPlatforms) = postSolution
		{D4C664BF-35AA-4CFC-BCAD-A794556B6B02}.Debug|Any CPU.ActiveCfg = Debug|Any CPU
		{D4C664BF-35AA-4CFC-BCAD-A794556B6B02}.Debug|Any CPU.Build.0 = Debug|Any CPU
		{D4C664BF-35AA-4CFC-BCAD-A794556B6B02}.Release|Any CPU.ActiveCfg = Release|Any CPU
		{D4C664BF-35AA-4CFC-BCAD-A794556B6B02}.Release|Any CPU.Build.0 = Release|Any CPU
		{97E9DF5A-A1A6-4DBE-861D-6DDF7E3B6DBC}.Debug|Any CPU.ActiveCfg = Debug|Any CPU
		{97E9DF5A-A1A6-4DBE-861D-6DDF7E3B6DBC}.Debug|Any CPU.Build.0 = Debug|Any CPU
		{97E9DF5A-A1A6-4DBE-861D-6DDF7E3B6DBC}.Release|Any CPU.ActiveCfg = Release|Any CPU
		{97E9DF5A-A1A6-4DBE-861D-6DDF7E3B6DBC}.Release|Any CPU.Build.0 = Release|Any CPU
	EndGlobalSection
	GlobalSection(SolutionProperties) = preSolution
		HideSolutionNode = FALSE
	EndGlobalSection
	GlobalSection(ExtensibilityGlobals) = postSolution
		SolutionGuid = {805F2FA4-1A28-4D57-95B7-5E6CD44E3AF9}
	EndGlobalSection
EndGlobal
