
Microsoft Visual Studio Solution File, Format Version 12.00
# Visual Studio Version 17
VisualStudioVersion = 17.4.33103.184
MinimumVisualStudioVersion = 10.0.40219.1
Project("{FAE04EC0-301F-11D3-BF4B-00C04F79EFBC}") = "t1.3", "t1.3\t1.3.csproj", "{5F4779D4-22D0-497D-AA6D-6CE9CC1C9354}"
EndProject
Project("{FAE04EC0-301F-11D3-BF4B-00C04F79EFBC}") = "t1.3Tests", "t1.3Tests\t1.3Tests.csproj", "{FA001AEE-F26F-4AA6-B912-5292913194D3}"
EndProject
Global
	GlobalSection(SolutionConfigurationPlatforms) = preSolution
		Debug|Any CPU = Debug|Any CPU
		Release|Any CPU = Release|Any CPU
	EndGlobalSection
	GlobalSection(ProjectConfigurationPlatforms) = postSolution
		{5F4779D4-22D0-497D-AA6D-6CE9CC1C9354}.Debug|Any CPU.ActiveCfg = Debug|Any CPU
		{5F4779D4-22D0-497D-AA6D-6CE9CC1C9354}.Debug|Any CPU.Build.0 = Debug|Any CPU
		{5F4779D4-22D0-497D-AA6D-6CE9CC1C9354}.Release|Any CPU.ActiveCfg = Release|Any CPU
		{5F4779D4-22D0-497D-AA6D-6CE9CC1C9354}.Release|Any CPU.Build.0 = Release|Any CPU
		{FA001AEE-F26F-4AA6-B912-5292913194D3}.Debug|Any CPU.ActiveCfg = Debug|Any CPU
		{FA001AEE-F26F-4AA6-B912-5292913194D3}.Debug|Any CPU.Build.0 = Debug|Any CPU
		{FA001AEE-F26F-4AA6-B912-5292913194D3}.Release|Any CPU.ActiveCfg = Release|Any CPU
		{FA001AEE-F26F-4AA6-B912-5292913194D3}.Release|Any CPU.Build.0 = Release|Any CPU
	EndGlobalSection
	GlobalSection(SolutionProperties) = preSolution
		HideSolutionNode = FALSE
	EndGlobalSection
	GlobalSection(ExtensibilityGlobals) = postSolution
		SolutionGuid = {B9A60BA4-2A52-41BF-8DE9-7B1166EE1EC3}
	EndGlobalSection
EndGlobal
